// !$*UTF8*$!
{
	archiveVersion = 1;
	classes = {
	};
	objectVersion = 46;
	objects = {

/* Begin PBXBuildFile section */
		628F3F46B0750273AB82AA32 /* Pods_pokedex_by_dubay.framework in Frameworks */ = {isa = PBXBuildFile; fileRef = 1CD62E6932D9EB937BDFA580 /* Pods_pokedex_by_dubay.framework */; };
		8C3312771D4F03DF00F9BF06 /* Pokemon_Solid_Font.ttf in Resources */ = {isa = PBXBuildFile; fileRef = 8C3312761D4F03DF00F9BF06 /* Pokemon_Solid_Font.ttf */; };
		8C3312791D4FA9AC00F9BF06 /* Constants.swift in Sources */ = {isa = PBXBuildFile; fileRef = 8C3312781D4FA9AC00F9BF06 /* Constants.swift */; };
		8C33127F1D505DBC00F9BF06 /* PokemonDetailVC.swift in Sources */ = {isa = PBXBuildFile; fileRef = 8C33127E1D505DBC00F9BF06 /* PokemonDetailVC.swift */; };
		8C6C05871D42B5EE0049670B /* pokemon.csv in Resources */ = {isa = PBXBuildFile; fileRef = 8C6C05861D42B5EE0049670B /* pokemon.csv */; };
		8C6C058D1D42B7770049670B /* Pokemon.swift in Sources */ = {isa = PBXBuildFile; fileRef = 8C6C058C1D42B7770049670B /* Pokemon.swift */; };
		8C6C058F1D42B8A60049670B /* music.mp3 in Resources */ = {isa = PBXBuildFile; fileRef = 8C6C058E1D42B8A60049670B /* music.mp3 */; };
		8C6C05911D42D0BC0049670B /* PokeCell.swift in Sources */ = {isa = PBXBuildFile; fileRef = 8C6C05901D42D0BC0049670B /* PokeCell.swift */; };
		8C6C05931D44908A0049670B /* csv.swift in Sources */ = {isa = PBXBuildFile; fileRef = 8C6C05921D44908A0049670B /* csv.swift */; };
		8CFB15121D42934A000DF156 /* AppDelegate.swift in Sources */ = {isa = PBXBuildFile; fileRef = 8CFB15111D42934A000DF156 /* AppDelegate.swift */; };
		8CFB15141D42934A000DF156 /* ViewController.swift in Sources */ = {isa = PBXBuildFile; fileRef = 8CFB15131D42934A000DF156 /* ViewController.swift */; };
		8CFB15171D42934A000DF156 /* Main.storyboard in Resources */ = {isa = PBXBuildFile; fileRef = 8CFB15151D42934A000DF156 /* Main.storyboard */; };
		8CFB151A1D42934A000DF156 /* pokedex_by_dubay.xcdatamodeld in Sources */ = {isa = PBXBuildFile; fileRef = 8CFB15181D42934A000DF156 /* pokedex_by_dubay.xcdatamodeld */; };
		8CFB151C1D42934A000DF156 /* Assets.xcassets in Resources */ = {isa = PBXBuildFile; fileRef = 8CFB151B1D42934A000DF156 /* Assets.xcassets */; };
		8CFB151F1D42934A000DF156 /* LaunchScreen.storyboard in Resources */ = {isa = PBXBuildFile; fileRef = 8CFB151D1D42934A000DF156 /* LaunchScreen.storyboard */; };
/* End PBXBuildFile section */

/* Begin PBXFileReference section */
		1CD62E6932D9EB937BDFA580 /* Pods_pokedex_by_dubay.framework */ = {isa = PBXFileReference; explicitFileType = wrapper.framework; includeInIndex = 0; path = Pods_pokedex_by_dubay.framework; sourceTree = BUILT_PRODUCTS_DIR; };
		4D6E2EE249BEE2B4E4A9825E /* Pods-pokedex-by-dubay.debug.xcconfig */ = {isa = PBXFileReference; includeInIndex = 1; lastKnownFileType = text.xcconfig; name = "Pods-pokedex-by-dubay.debug.xcconfig"; path = "Pods/Target Support Files/Pods-pokedex-by-dubay/Pods-pokedex-by-dubay.debug.xcconfig"; sourceTree = "<group>"; };
		6B097EE735D64BB3825B7212 /* Pods-pokedex-by-dubay.release.xcconfig */ = {isa = PBXFileReference; includeInIndex = 1; lastKnownFileType = text.xcconfig; name = "Pods-pokedex-by-dubay.release.xcconfig"; path = "Pods/Target Support Files/Pods-pokedex-by-dubay/Pods-pokedex-by-dubay.release.xcconfig"; sourceTree = "<group>"; };
		8C3312761D4F03DF00F9BF06 /* Pokemon_Solid_Font.ttf */ = {isa = PBXFileReference; lastKnownFileType = file; path = Pokemon_Solid_Font.ttf; sourceTree = "<group>"; };
		8C3312781D4FA9AC00F9BF06 /* Constants.swift */ = {isa = PBXFileReference; fileEncoding = 4; lastKnownFileType = sourcecode.swift; path = Constants.swift; sourceTree = "<group>"; };
		8C33127E1D505DBC00F9BF06 /* PokemonDetailVC.swift */ = {isa = PBXFileReference; fileEncoding = 4; lastKnownFileType = sourcecode.swift; path = PokemonDetailVC.swift; sourceTree = "<group>"; };
		8C6C05861D42B5EE0049670B /* pokemon.csv */ = {isa = PBXFileReference; fileEncoding = 4; lastKnownFileType = text; path = pokemon.csv; sourceTree = "<group>"; };
		8C6C058C1D42B7770049670B /* Pokemon.swift */ = {isa = PBXFileReference; fileEncoding = 4; lastKnownFileType = sourcecode.swift; path = Pokemon.swift; sourceTree = "<group>"; };
		8C6C058E1D42B8A60049670B /* music.mp3 */ = {isa = PBXFileReference; lastKnownFileType = audio.mp3; path = music.mp3; sourceTree = "<group>"; };
		8C6C05901D42D0BC0049670B /* PokeCell.swift */ = {isa = PBXFileReference; fileEncoding = 4; lastKnownFileType = sourcecode.swift; path = PokeCell.swift; sourceTree = "<group>"; };
		8C6C05921D44908A0049670B /* csv.swift */ = {isa = PBXFileReference; fileEncoding = 4; lastKnownFileType = sourcecode.swift; path = csv.swift; sourceTree = "<group>"; };
		8CFB150E1D42934A000DF156 /* pokedex-by-dubay.app */ = {isa = PBXFileReference; explicitFileType = wrapper.application; includeInIndex = 0; path = "pokedex-by-dubay.app"; sourceTree = BUILT_PRODUCTS_DIR; };
		8CFB15111D42934A000DF156 /* AppDelegate.swift */ = {isa = PBXFileReference; lastKnownFileType = sourcecode.swift; path = AppDelegate.swift; sourceTree = "<group>"; };
		8CFB15131D42934A000DF156 /* ViewController.swift */ = {isa = PBXFileReference; lastKnownFileType = sourcecode.swift; path = ViewController.swift; sourceTree = "<group>"; };
		8CFB15161D42934A000DF156 /* Base */ = {isa = PBXFileReference; lastKnownFileType = file.storyboard; name = Base; path = Base.lproj/Main.storyboard; sourceTree = "<group>"; };
		8CFB15191D42934A000DF156 /* pokedex_by_dubay.xcdatamodel */ = {isa = PBXFileReference; lastKnownFileType = wrapper.xcdatamodel; path = pokedex_by_dubay.xcdatamodel; sourceTree = "<group>"; };
		8CFB151B1D42934A000DF156 /* Assets.xcassets */ = {isa = PBXFileReference; lastKnownFileType = folder.assetcatalog; path = Assets.xcassets; sourceTree = "<group>"; };
		8CFB151E1D42934A000DF156 /* Base */ = {isa = PBXFileReference; lastKnownFileType = file.storyboard; name = Base; path = Base.lproj/LaunchScreen.storyboard; sourceTree = "<group>"; };
		8CFB15201D42934A000DF156 /* Info.plist */ = {isa = PBXFileReference; lastKnownFileType = text.plist.xml; path = Info.plist; sourceTree = "<group>"; };
/* End PBXFileReference section */

/* Begin PBXFrameworksBuildPhase section */
		8CFB150B1D42934A000DF156 /* Frameworks */ = {
			isa = PBXFrameworksBuildPhase;
			buildActionMask = 2147483647;
			files = (
				628F3F46B0750273AB82AA32 /* Pods_pokedex_by_dubay.framework in Frameworks */,
			);
			runOnlyForDeploymentPostprocessing = 0;
		};
/* End PBXFrameworksBuildPhase section */

/* Begin PBXGroup section */
		1A1B71FC3672E36307DEBD1F /* Frameworks */ = {
			isa = PBXGroup;
			children = (
				1CD62E6932D9EB937BDFA580 /* Pods_pokedex_by_dubay.framework */,
			);
			name = Frameworks;
			sourceTree = "<group>";
		};
		1A7AAADC8BE4074A4C680964 /* Pods */ = {
			isa = PBXGroup;
			children = (
				4D6E2EE249BEE2B4E4A9825E /* Pods-pokedex-by-dubay.debug.xcconfig */,
				6B097EE735D64BB3825B7212 /* Pods-pokedex-by-dubay.release.xcconfig */,
			);
			name = Pods;
			sourceTree = "<group>";
		};
		8C6C05881D42B5F20049670B /* Model */ = {
			isa = PBXGroup;
			children = (
				8C6C058C1D42B7770049670B /* Pokemon.swift */,
			);
			name = Model;
			sourceTree = "<group>";
		};
		8C6C05891D42B6050049670B /* View */ = {
			isa = PBXGroup;
			children = (
				8CFB151D1D42934A000DF156 /* LaunchScreen.storyboard */,
				8CFB15151D42934A000DF156 /* Main.storyboard */,
				8C6C05901D42D0BC0049670B /* PokeCell.swift */,
			);
			name = View;
			sourceTree = "<group>";
		};
		8C6C058A1D42B6100049670B /* Controler */ = {
			isa = PBXGroup;
			children = (
				8CFB15111D42934A000DF156 /* AppDelegate.swift */,
				8CFB15131D42934A000DF156 /* ViewController.swift */,
				8C33127E1D505DBC00F9BF06 /* PokemonDetailVC.swift */,
			);
			name = Controler;
			sourceTree = "<group>";
		};
		8C6C058B1D42B6310049670B /* Resources */ = {
			isa = PBXGroup;
			children = (
				8C3312761D4F03DF00F9BF06 /* Pokemon_Solid_Font.ttf */,
				8C6C058E1D42B8A60049670B /* music.mp3 */,
				8C6C05861D42B5EE0049670B /* pokemon.csv */,
			);
			name = Resources;
			sourceTree = "<group>";
		};
		8C6C05941D4490B40049670B /* Util */ = {
			isa = PBXGroup;
			children = (
				8C6C05921D44908A0049670B /* csv.swift */,
			);
			name = Util;
			sourceTree = "<group>";
		};
		8CFB15051D42934A000DF156 = {
			isa = PBXGroup;
			children = (
				8CFB15101D42934A000DF156 /* pokedex-by-dubay */,
				8CFB150F1D42934A000DF156 /* Products */,
				1A7AAADC8BE4074A4C680964 /* Pods */,
				1A1B71FC3672E36307DEBD1F /* Frameworks */,
			);
			sourceTree = "<group>";
		};
		8CFB150F1D42934A000DF156 /* Products */ = {
			isa = PBXGroup;
			children = (
				8CFB150E1D42934A000DF156 /* pokedex-by-dubay.app */,
			);
			name = Products;
			sourceTree = "<group>";
		};
		8CFB15101D42934A000DF156 /* pokedex-by-dubay */ = {
			isa = PBXGroup;
			children = (
				8C6C05941D4490B40049670B /* Util */,
				8C6C058B1D42B6310049670B /* Resources */,
				8C6C05881D42B5F20049670B /* Model */,
				8C6C05891D42B6050049670B /* View */,
				8C6C058A1D42B6100049670B /* Controler */,
				8CFB151B1D42934A000DF156 /* Assets.xcassets */,
				8CFB15201D42934A000DF156 /* Info.plist */,
				8CFB15181D42934A000DF156 /* pokedex_by_dubay.xcdatamodeld */,
				8C3312781D4FA9AC00F9BF06 /* Constants.swift */,
			);
			path = "pokedex-by-dubay";
			sourceTree = "<group>";
		};
/* End PBXGroup section */

/* Begin PBXNativeTarget section */
		8CFB150D1D42934A000DF156 /* pokedex-by-dubay */ = {
			isa = PBXNativeTarget;
			buildConfigurationList = 8CFB15231D42934A000DF156 /* Build configuration list for PBXNativeTarget "pokedex-by-dubay" */;
			buildPhases = (
				149208D4D61944936B0DEAE7 /* [CP] Check Pods Manifest.lock */,
				8CFB150A1D42934A000DF156 /* Sources */,
				8CFB150B1D42934A000DF156 /* Frameworks */,
				8CFB150C1D42934A000DF156 /* Resources */,
				B830618FA9A961588271BE83 /* [CP] Embed Pods Frameworks */,
				27B7EA1022B914801251CC2F /* [CP] Copy Pods Resources */,
			);
			buildRules = (
			);
			dependencies = (
			);
			name = "pokedex-by-dubay";
			productName = "pokedex-by-dubay";
			productReference = 8CFB150E1D42934A000DF156 /* pokedex-by-dubay.app */;
			productType = "com.apple.product-type.application";
		};
/* End PBXNativeTarget section */

/* Begin PBXProject section */
		8CFB15061D42934A000DF156 /* Project object */ = {
			isa = PBXProject;
			attributes = {
				LastSwiftUpdateCheck = 0730;
				LastUpgradeCheck = 0730;
				ORGANIZATIONNAME = "DuBay Designs";
				TargetAttributes = {
					8CFB150D1D42934A000DF156 = {
						CreatedOnToolsVersion = 7.3.1;
						DevelopmentTeam = FYBTU7NK34;
					};
				};
			};
			buildConfigurationList = 8CFB15091D42934A000DF156 /* Build configuration list for PBXProject "pokedex-by-dubay" */;
			compatibilityVersion = "Xcode 3.2";
			developmentRegion = English;
			hasScannedForEncodings = 0;
			knownRegions = (
				en,
				Base,
			);
			mainGroup = 8CFB15051D42934A000DF156;
			productRefGroup = 8CFB150F1D42934A000DF156 /* Products */;
			projectDirPath = "";
			projectRoot = "";
			targets = (
				8CFB150D1D42934A000DF156 /* pokedex-by-dubay */,
			);
		};
/* End PBXProject section */

/* Begin PBXResourcesBuildPhase section */
		8CFB150C1D42934A000DF156 /* Resources */ = {
			isa = PBXResourcesBuildPhase;
			buildActionMask = 2147483647;
			files = (
				8C6C058F1D42B8A60049670B /* music.mp3 in Resources */,
				8CFB151F1D42934A000DF156 /* LaunchScreen.storyboard in Resources */,
				8CFB151C1D42934A000DF156 /* Assets.xcassets in Resources */,
				8C6C05871D42B5EE0049670B /* pokemon.csv in Resources */,
				8CFB15171D42934A000DF156 /* Main.storyboard in Resources */,
				8C3312771D4F03DF00F9BF06 /* Pokemon_Solid_Font.ttf in Resources */,
			);
			runOnlyForDeploymentPostprocessing = 0;
		};
/* End PBXResourcesBuildPhase section */

/* Begin PBXShellScriptBuildPhase section */
		149208D4D61944936B0DEAE7 /* [CP] Check Pods Manifest.lock */ = {
			isa = PBXShellScriptBuildPhase;
			buildActionMask = 2147483647;
			files = (
			);
			inputPaths = (
			);
			name = "[CP] Check Pods Manifest.lock";
			outputPaths = (
			);
			runOnlyForDeploymentPostprocessing = 0;
			shellPath = /bin/sh;
			shellScript = "diff \"${PODS_ROOT}/../Podfile.lock\" \"${PODS_ROOT}/Manifest.lock\" > /dev/null\nif [[ $? != 0 ]] ; then\n    cat << EOM\nerror: The sandbox is not in sync with the Podfile.lock. Run 'pod install' or update your CocoaPods installation.\nEOM\n    exit 1\nfi\n";
			showEnvVarsInLog = 0;
		};
		27B7EA1022B914801251CC2F /* [CP] Copy Pods Resources */ = {
			isa = PBXShellScriptBuildPhase;
			buildActionMask = 2147483647;
			files = (
			);
			inputPaths = (
			);
			name = "[CP] Copy Pods Resources";
			outputPaths = (
			);
			runOnlyForDeploymentPostprocessing = 0;
			shellPath = /bin/sh;
			shellScript = "\"${SRCROOT}/Pods/Target Support Files/Pods-pokedex-by-dubay/Pods-pokedex-by-dubay-resources.sh\"\n";
			showEnvVarsInLog = 0;
		};
		B830618FA9A961588271BE83 /* [CP] Embed Pods Frameworks */ = {
			isa = PBXShellScriptBuildPhase;
			buildActionMask = 2147483647;
			files = (
			);
			inputPaths = (
			);
			name = "[CP] Embed Pods Frameworks";
			outputPaths = (
			);
			runOnlyForDeploymentPostprocessing = 0;
			shellPath = /bin/sh;
			shellScript = "\"${SRCROOT}/Pods/Target Support Files/Pods-pokedex-by-dubay/Pods-pokedex-by-dubay-frameworks.sh\"\n";
			showEnvVarsInLog = 0;
		};
/* End PBXShellScriptBuildPhase section */

/* Begin PBXSourcesBuildPhase section */
		8CFB150A1D42934A000DF156 /* Sources */ = {
			isa = PBXSourcesBuildPhase;
			buildActionMask = 2147483647;
			files = (
				8C6C05931D44908A0049670B /* csv.swift in Sources */,
				8CFB151A1D42934A000DF156 /* pokedex_by_dubay.xcdatamodeld in Sources */,
				8C6C058D1D42B7770049670B /* Pokemon.swift in Sources */,
				8CFB15141D42934A000DF156 /* ViewController.swift in Sources */,
				8C3312791D4FA9AC00F9BF06 /* Constants.swift in Sources */,
				8C33127F1D505DBC00F9BF06 /* PokemonDetailVC.swift in Sources */,
				8CFB15121D42934A000DF156 /* AppDelegate.swift in Sources */,
				8C6C05911D42D0BC0049670B /* PokeCell.swift in Sources */,
			);
			runOnlyForDeploymentPostprocessing = 0;
		};
/* End PBXSourcesBuildPhase section */

/* Begin PBXVariantGroup section */
		8CFB15151D42934A000DF156 /* Main.storyboard */ = {
			isa = PBXVariantGroup;
			children = (
				8CFB15161D42934A000DF156 /* Base */,
			);
			name = Main.storyboard;
			sourceTree = "<group>";
		};
		8CFB151D1D42934A000DF156 /* LaunchScreen.storyboard */ = {
			isa = PBXVariantGroup;
			children = (
				8CFB151E1D42934A000DF156 /* Base */,
			);
			name = LaunchScreen.storyboard;
			sourceTree = "<group>";
		};
/* End PBXVariantGroup section */

/* Begin XCBuildConfiguration section */
		8CFB15211D42934A000DF156 /* Debug */ = {
			isa = XCBuildConfiguration;
			buildSettings = {
				ALWAYS_SEARCH_USER_PATHS = NO;
				CLANG_ANALYZER_NONNULL = YES;
				CLANG_CXX_LANGUAGE_STANDARD = "gnu++0x";
				CLANG_CXX_LIBRARY = "libc++";
				CLANG_ENABLE_MODULES = YES;
				CLANG_ENABLE_OBJC_ARC = YES;
				CLANG_WARN_BOOL_CONVERSION = YES;
				CLANG_WARN_CONSTANT_CONVERSION = YES;
				CLANG_WARN_DIRECT_OBJC_ISA_USAGE = YES_ERROR;
				CLANG_WARN_EMPTY_BODY = YES;
				CLANG_WARN_ENUM_CONVERSION = YES;
				CLANG_WARN_INT_CONVERSION = YES;
				CLANG_WARN_OBJC_ROOT_CLASS = YES_ERROR;
				CLANG_WARN_UNREACHABLE_CODE = YES;
				CLANG_WARN__DUPLICATE_METHOD_MATCH = YES;
				"CODE_SIGN_IDENTITY[sdk=iphoneos*]" = "iPhone Developer";
				COPY_PHASE_STRIP = NO;
				DEBUG_INFORMATION_FORMAT = dwarf;
				ENABLE_STRICT_OBJC_MSGSEND = YES;
				ENABLE_TESTABILITY = YES;
				GCC_C_LANGUAGE_STANDARD = gnu99;
				GCC_DYNAMIC_NO_PIC = NO;
				GCC_NO_COMMON_BLOCKS = YES;
				GCC_OPTIMIZATION_LEVEL = 0;
				GCC_PREPROCESSOR_DEFINITIONS = (
					"DEBUG=1",
					"$(inherited)",
				);
				GCC_WARN_64_TO_32_BIT_CONVERSION = YES;
				GCC_WARN_ABOUT_RETURN_TYPE = YES_ERROR;
				GCC_WARN_UNDECLARED_SELECTOR = YES;
				GCC_WARN_UNINITIALIZED_AUTOS = YES_AGGRESSIVE;
				GCC_WARN_UNUSED_FUNCTION = YES;
				GCC_WARN_UNUSED_VARIABLE = YES;
				IPHONEOS_DEPLOYMENT_TARGET = 9.3;
				MTL_ENABLE_DEBUG_INFO = YES;
				ONLY_ACTIVE_ARCH = YES;
				SDKROOT = iphoneos;
				SWIFT_OPTIMIZATION_LEVEL = "-Onone";
				TARGETED_DEVICE_FAMILY = "1,2";
			};
			name = Debug;
		};
		8CFB15221D42934A000DF156 /* Release */ = {
			isa = XCBuildConfiguration;
			buildSettings = {
				ALWAYS_SEARCH_USER_PATHS = NO;
				CLANG_ANALYZER_NONNULL = YES;
				CLANG_CXX_LANGUAGE_STANDARD = "gnu++0x";
				CLANG_CXX_LIBRARY = "libc++";
				CLANG_ENABLE_MODULES = YES;
				CLANG_ENABLE_OBJC_ARC = YES;
				CLANG_WARN_BOOL_CONVERSION = YES;
				CLANG_WARN_CONSTANT_CONVERSION = YES;
				CLANG_WARN_DIRECT_OBJC_ISA_USAGE = YES_ERROR;
				CLANG_WARN_EMPTY_BODY = YES;
				CLANG_WARN_ENUM_CONVERSION = YES;
				CLANG_WARN_INT_CONVERSION = YES;
				CLANG_WARN_OBJC_ROOT_CLASS = YES_ERROR;
				CLANG_WARN_UNREACHABLE_CODE = YES;
				CLANG_WARN__DUPLICATE_METHOD_MATCH = YES;
				"CODE_SIGN_IDENTITY[sdk=iphoneos*]" = "iPhone Developer";
				COPY_PHASE_STRIP = NO;
				DEBUG_INFORMATION_FORMAT = "dwarf-with-dsym";
				ENABLE_NS_ASSERTIONS = NO;
				ENABLE_STRICT_OBJC_MSGSEND = YES;
				GCC_C_LANGUAGE_STANDARD = gnu99;
				GCC_NO_COMMON_BLOCKS = YES;
				GCC_WARN_64_TO_32_BIT_CONVERSION = YES;
				GCC_WARN_ABOUT_RETURN_TYPE = YES_ERROR;
				GCC_WARN_UNDECLARED_SELECTOR = YES;
				GCC_WARN_UNINITIALIZED_AUTOS = YES_AGGRESSIVE;
				GCC_WARN_UNUSED_FUNCTION = YES;
				GCC_WARN_UNUSED_VARIABLE = YES;
				IPHONEOS_DEPLOYMENT_TARGET = 9.3;
				MTL_ENABLE_DEBUG_INFO = NO;
				SDKROOT = iphoneos;
				TARGETED_DEVICE_FAMILY = "1,2";
				VALIDATE_PRODUCT = YES;
			};
			name = Release;
		};
		8CFB15241D42934A000DF156 /* Debug */ = {
			isa = XCBuildConfiguration;
			baseConfigurationReference = 4D6E2EE249BEE2B4E4A9825E /* Pods-pokedex-by-dubay.debug.xcconfig */;
			buildSettings = {
				ASSETCATALOG_COMPILER_APPICON_NAME = AppIcon;
				INFOPLIST_FILE = "pokedex-by-dubay/Info.plist";
				LD_RUNPATH_SEARCH_PATHS = "$(inherited) @executable_path/Frameworks";
				PRODUCT_BUNDLE_IDENTIFIER = "net.designs.dubay.pokedex-by-dubay";
				PRODUCT_NAME = "$(TARGET_NAME)";
			};
			name = Debug;
		};
		8CFB15251D42934A000DF156 /* Release */ = {
			isa = XCBuildConfiguration;
			baseConfigurationReference = 6B097EE735D64BB3825B7212 /* Pods-pokedex-by-dubay.release.xcconfig */;
			buildSettings = {
				ASSETCATALOG_COMPILER_APPICON_NAME = AppIcon;
				INFOPLIST_FILE = "pokedex-by-dubay/Info.plist";
				LD_RUNPATH_SEARCH_PATHS = "$(inherited) @executable_path/Frameworks";
				PRODUCT_BUNDLE_IDENTIFIER = "net.designs.dubay.pokedex-by-dubay";
				PRODUCT_NAME = "$(TARGET_NAME)";
			};
			name = Release;
		};
/* End XCBuildConfiguration section */

/* Begin XCConfigurationList section */
		8CFB15091D42934A000DF156 /* Build configuration list for PBXProject "pokedex-by-dubay" */ = {
			isa = XCConfigurationList;
			buildConfigurations = (
				8CFB15211D42934A000DF156 /* Debug */,
				8CFB15221D42934A000DF156 /* Release */,
			);
			defaultConfigurationIsVisible = 0;
			defaultConfigurationName = Release;
		};
		8CFB15231D42934A000DF156 /* Build configuration list for PBXNativeTarget "pokedex-by-dubay" */ = {
			isa = XCConfigurationList;
			buildConfigurations = (
				8CFB15241D42934A000DF156 /* Debug */,
				8CFB15251D42934A000DF156 /* Release */,
			);
			defaultConfigurationIsVisible = 0;
			defaultConfigurationName = Release;
		};
/* End XCConfigurationList section */

/* Begin XCVersionGroup section */
		8CFB15181D42934A000DF156 /* pokedex_by_dubay.xcdatamodeld */ = {
			isa = XCVersionGroup;
			children = (
				8CFB15191D42934A000DF156 /* pokedex_by_dubay.xcdatamodel */,
			);
			currentVersion = 8CFB15191D42934A000DF156 /* pokedex_by_dubay.xcdatamodel */;
			path = pokedex_by_dubay.xcdatamodeld;
			sourceTree = "<group>";
			versionGroupType = wrapper.xcdatamodel;
		};
/* End XCVersionGroup section */
	};
	rootObject = 8CFB15061D42934A000DF156 /* Project object */;
}
